
Microsoft Visual Studio Solution File, Format Version 12.00
# Visual Studio Version 17
VisualStudioVersion = 17.3.32819.101
MinimumVisualStudioVersion = 10.0.40219.1
Project("{FAE04EC0-301F-11D3-BF4B-00C04F79EFBC}") = "Interview_Assignment", "Interview_Assignment\Interview_Assignment.csproj", "{B4D2D6E3-3E67-43F1-B1F0-8625D2207894}"
EndProject
Global
	GlobalSection(SolutionConfigurationPlatforms) = preSolution
		Debug|Any CPU = Debug|Any CPU
		Release|Any CPU = Release|Any CPU
	EndGlobalSection
	GlobalSection(ProjectConfigurationPlatforms) = postSolution
		{B4D2D6E3-3E67-43F1-B1F0-8625D2207894}.Debug|Any CPU.ActiveCfg = Debug|Any CPU
		{B4D2D6E3-3E67-43F1-B1F0-8625D2207894}.Debug|Any CPU.Build.0 = Debug|Any CPU
		{B4D2D6E3-3E67-43F1-B1F0-8625D2207894}.Release|Any CPU.ActiveCfg = Release|Any CPU
		{B4D2D6E3-3E67-43F1-B1F0-8625D2207894}.Release|Any CPU.Build.0 = Release|Any CPU
	EndGlobalSection
	GlobalSection(SolutionProperties) = preSolution
		HideSolutionNode = FALSE
	EndGlobalSection
	GlobalSection(ExtensibilityGlobals) = postSolution
		SolutionGuid = {F03343E0-B65A-48F2-8D11-03C08EC8A09B}
	EndGlobalSection
EndGlobal
